
Microsoft Visual Studio Solution File, Format Version 12.00
# Visual Studio 14
VisualStudioVersion = 14.0.25420.1
MinimumVisualStudioVersion = 10.0.40219.1
Project("{FAE04EC0-301F-11D3-BF4B-00C04F79EFBC}") = "SchedBot", "SchedBot\SchedBot.csproj", "{6BF93044-7EB3-4C64-B5A4-D63192AF79F7}"
EndProject
Project("{FAE04EC0-301F-11D3-BF4B-00C04F79EFBC}") = "SchedBot.Tests", "SchedBot.Tests\SchedBot.Tests.csproj", "{B9ED5617-C16A-452C-A381-768857DFE012}"
EndProject
Project("{FAE04EC0-301F-11D3-BF4B-00C04F79EFBC}") = "SchedbotDTOs", "..\..\..\..\Desktop\SchedbotDTOs\SchedbotDTOs.csproj", "{0F77343C-A57D-4DD5-96F2-1E4CEBBB8816}"
EndProject
Global
	GlobalSection(SolutionConfigurationPlatforms) = preSolution
		Debug|Any CPU = Debug|Any CPU
		Release|Any CPU = Release|Any CPU
	EndGlobalSection
	GlobalSection(ProjectConfigurationPlatforms) = postSolution
		{6BF93044-7EB3-4C64-B5A4-D63192AF79F7}.Debug|Any CPU.ActiveCfg = Debug|Any CPU
		{6BF93044-7EB3-4C64-B5A4-D63192AF79F7}.Debug|Any CPU.Build.0 = Debug|Any CPU
		{6BF93044-7EB3-4C64-B5A4-D63192AF79F7}.Release|Any CPU.ActiveCfg = Release|Any CPU
		{6BF93044-7EB3-4C64-B5A4-D63192AF79F7}.Release|Any CPU.Build.0 = Release|Any CPU
		{B9ED5617-C16A-452C-A381-768857DFE012}.Debug|Any CPU.ActiveCfg = Debug|Any CPU
		{B9ED5617-C16A-452C-A381-768857DFE012}.Debug|Any CPU.Build.0 = Debug|Any CPU
		{B9ED5617-C16A-452C-A381-768857DFE012}.Release|Any CPU.ActiveCfg = Release|Any CPU
		{B9ED5617-C16A-452C-A381-768857DFE012}.Release|Any CPU.Build.0 = Release|Any CPU
		{0F77343C-A57D-4DD5-96F2-1E4CEBBB8816}.Debug|Any CPU.ActiveCfg = Debug|Any CPU
		{0F77343C-A57D-4DD5-96F2-1E4CEBBB8816}.Debug|Any CPU.Build.0 = Debug|Any CPU
		{0F77343C-A57D-4DD5-96F2-1E4CEBBB8816}.Release|Any CPU.ActiveCfg = Release|Any CPU
		{0F77343C-A57D-4DD5-96F2-1E4CEBBB8816}.Release|Any CPU.Build.0 = Release|Any CPU
	EndGlobalSection
	GlobalSection(SolutionProperties) = preSolution
		HideSolutionNode = FALSE
	EndGlobalSection
EndGlobal
